// !$*UTF8*$!
{
	archiveVersion = 1;
	classes = {
	};
	objectVersion = 48;
	objects = {

/* Begin PBXBuildFile section */
		14B06E22221F5CA00081E736 /* AppDelegate.swift in Sources */ = {isa = PBXBuildFile; fileRef = 14B06E21221F5CA00081E736 /* AppDelegate.swift */; };
		14B06E24221F5CA10081E736 /* ViewController.swift in Sources */ = {isa = PBXBuildFile; fileRef = 14B06E23221F5CA10081E736 /* ViewController.swift */; };
		14B06E27221F5CA10081E736 /* Main.storyboard in Resources */ = {isa = PBXBuildFile; fileRef = 14B06E25221F5CA10081E736 /* Main.storyboard */; };
		14B06E29221F5CA10081E736 /* Assets.xcassets in Resources */ = {isa = PBXBuildFile; fileRef = 14B06E28221F5CA10081E736 /* Assets.xcassets */; };
		14B06E2C221F5CA10081E736 /* LaunchScreen.storyboard in Resources */ = {isa = PBXBuildFile; fileRef = 14B06E2A221F5CA10081E736 /* LaunchScreen.storyboard */; };
		14B06E37221F5CA10081E736 /* QuizTests.swift in Sources */ = {isa = PBXBuildFile; fileRef = 14B06E36221F5CA10081E736 /* QuizTests.swift */; };
		14B06E42221F5CA10081E736 /* QuizUITests.swift in Sources */ = {isa = PBXBuildFile; fileRef = 14B06E41221F5CA10081E736 /* QuizUITests.swift */; };
/* End PBXBuildFile section */

/* Begin PBXContainerItemProxy section */
		14B06E33221F5CA10081E736 /* PBXContainerItemProxy */ = {
			isa = PBXContainerItemProxy;
			containerPortal = 14B06E16221F5CA00081E736 /* Project object */;
			proxyType = 1;
			remoteGlobalIDString = 14B06E1D221F5CA00081E736;
			remoteInfo = Quiz;
		};
		14B06E3E221F5CA10081E736 /* PBXContainerItemProxy */ = {
			isa = PBXContainerItemProxy;
			containerPortal = 14B06E16221F5CA00081E736 /* Project object */;
			proxyType = 1;
			remoteGlobalIDString = 14B06E1D221F5CA00081E736;
			remoteInfo = Quiz;
		};
/* End PBXContainerItemProxy section */

/* Begin PBXFileReference section */
		14B06E1E221F5CA00081E736 /* Quiz.app */ = {isa = PBXFileReference; explicitFileType = wrapper.application; includeInIndex = 0; path = Quiz.app; sourceTree = BUILT_PRODUCTS_DIR; };
		14B06E21221F5CA00081E736 /* AppDelegate.swift */ = {isa = PBXFileReference; lastKnownFileType = sourcecode.swift; path = AppDelegate.swift; sourceTree = "<group>"; };
		14B06E23221F5CA10081E736 /* ViewController.swift */ = {isa = PBXFileReference; lastKnownFileType = sourcecode.swift; path = ViewController.swift; sourceTree = "<group>"; };
		14B06E26221F5CA10081E736 /* Base */ = {isa = PBXFileReference; lastKnownFileType = file.storyboard; name = Base; path = Base.lproj/Main.storyboard; sourceTree = "<group>"; };
		14B06E28221F5CA10081E736 /* Assets.xcassets */ = {isa = PBXFileReference; lastKnownFileType = folder.assetcatalog; path = Assets.xcassets; sourceTree = "<group>"; };
		14B06E2B221F5CA10081E736 /* Base */ = {isa = PBXFileReference; lastKnownFileType = file.storyboard; name = Base; path = Base.lproj/LaunchScreen.storyboard; sourceTree = "<group>"; };
		14B06E2D221F5CA10081E736 /* Info.plist */ = {isa = PBXFileReference; lastKnownFileType = text.plist.xml; path = Info.plist; sourceTree = "<group>"; };
		14B06E32221F5CA10081E736 /* QuizTests.xctest */ = {isa = PBXFileReference; explicitFileType = wrapper.cfbundle; includeInIndex = 0; path = QuizTests.xctest; sourceTree = BUILT_PRODUCTS_DIR; };
		14B06E36221F5CA10081E736 /* QuizTests.swift */ = {isa = PBXFileReference; lastKnownFileType = sourcecode.swift; path = QuizTests.swift; sourceTree = "<group>"; };
		14B06E38221F5CA10081E736 /* Info.plist */ = {isa = PBXFileReference; lastKnownFileType = text.plist.xml; path = Info.plist; sourceTree = "<group>"; };
		14B06E3D221F5CA10081E736 /* QuizUITests.xctest */ = {isa = PBXFileReference; explicitFileType = wrapper.cfbundle; includeInIndex = 0; path = QuizUITests.xctest; sourceTree = BUILT_PRODUCTS_DIR; };
		14B06E41221F5CA10081E736 /* QuizUITests.swift */ = {isa = PBXFileReference; lastKnownFileType = sourcecode.swift; path = QuizUITests.swift; sourceTree = "<group>"; };
		14B06E43221F5CA10081E736 /* Info.plist */ = {isa = PBXFileReference; lastKnownFileType = text.plist.xml; path = Info.plist; sourceTree = "<group>"; };
/* End PBXFileReference section */

/* Begin PBXFrameworksBuildPhase section */
		14B06E1B221F5CA00081E736 /* Frameworks */ = {
			isa = PBXFrameworksBuildPhase;
			buildActionMask = 2147483647;
			files = (
			);
			runOnlyForDeploymentPostprocessing = 0;
		};
		14B06E2F221F5CA10081E736 /* Frameworks */ = {
			isa = PBXFrameworksBuildPhase;
			buildActionMask = 2147483647;
			files = (
			);
			runOnlyForDeploymentPostprocessing = 0;
		};
		14B06E3A221F5CA10081E736 /* Frameworks */ = {
			isa = PBXFrameworksBuildPhase;
			buildActionMask = 2147483647;
			files = (
			);
			runOnlyForDeploymentPostprocessing = 0;
		};
/* End PBXFrameworksBuildPhase section */

/* Begin PBXGroup section */
		14B06E15221F5CA00081E736 = {
			isa = PBXGroup;
			children = (
				14B06E20221F5CA00081E736 /* Quiz */,
				14B06E35221F5CA10081E736 /* QuizTests */,
				14B06E40221F5CA10081E736 /* QuizUITests */,
				14B06E1F221F5CA00081E736 /* Products */,
			);
			sourceTree = "<group>";
		};
		14B06E1F221F5CA00081E736 /* Products */ = {
			isa = PBXGroup;
			children = (
				14B06E1E221F5CA00081E736 /* Quiz.app */,
				14B06E32221F5CA10081E736 /* QuizTests.xctest */,
				14B06E3D221F5CA10081E736 /* QuizUITests.xctest */,
			);
			name = Products;
			sourceTree = "<group>";
		};
		14B06E20221F5CA00081E736 /* Quiz */ = {
			isa = PBXGroup;
			children = (
				14B06E21221F5CA00081E736 /* AppDelegate.swift */,
				14B06E23221F5CA10081E736 /* ViewController.swift */,
				14B06E25221F5CA10081E736 /* Main.storyboard */,
				14B06E28221F5CA10081E736 /* Assets.xcassets */,
				14B06E2A221F5CA10081E736 /* LaunchScreen.storyboard */,
				14B06E2D221F5CA10081E736 /* Info.plist */,
			);
			path = Quiz;
			sourceTree = "<group>";
		};
		14B06E35221F5CA10081E736 /* QuizTests */ = {
			isa = PBXGroup;
			children = (
				14B06E36221F5CA10081E736 /* QuizTests.swift */,
				14B06E38221F5CA10081E736 /* Info.plist */,
			);
			path = QuizTests;
			sourceTree = "<group>";
		};
		14B06E40221F5CA10081E736 /* QuizUITests */ = {
			isa = PBXGroup;
			children = (
				14B06E41221F5CA10081E736 /* QuizUITests.swift */,
				14B06E43221F5CA10081E736 /* Info.plist */,
			);
			path = QuizUITests;
			sourceTree = "<group>";
		};
/* End PBXGroup section */

/* Begin PBXNativeTarget section */
		14B06E1D221F5CA00081E736 /* Quiz */ = {
			isa = PBXNativeTarget;
			buildConfigurationList = 14B06E46221F5CA10081E736 /* Build configuration list for PBXNativeTarget "Quiz" */;
			buildPhases = (
				14B06E1A221F5CA00081E736 /* Sources */,
				14B06E1B221F5CA00081E736 /* Frameworks */,
				14B06E1C221F5CA00081E736 /* Resources */,
			);
			buildRules = (
			);
			dependencies = (
			);
			name = Quiz;
			productName = Quiz;
			productReference = 14B06E1E221F5CA00081E736 /* Quiz.app */;
			productType = "com.apple.product-type.application";
		};
		14B06E31221F5CA10081E736 /* QuizTests */ = {
			isa = PBXNativeTarget;
			buildConfigurationList = 14B06E49221F5CA10081E736 /* Build configuration list for PBXNativeTarget "QuizTests" */;
			buildPhases = (
				14B06E2E221F5CA10081E736 /* Sources */,
				14B06E2F221F5CA10081E736 /* Frameworks */,
				14B06E30221F5CA10081E736 /* Resources */,
			);
			buildRules = (
			);
			dependencies = (
				14B06E34221F5CA10081E736 /* PBXTargetDependency */,
			);
			name = QuizTests;
			productName = QuizTests;
			productReference = 14B06E32221F5CA10081E736 /* QuizTests.xctest */;
			productType = "com.apple.product-type.bundle.unit-test";
		};
		14B06E3C221F5CA10081E736 /* QuizUITests */ = {
			isa = PBXNativeTarget;
			buildConfigurationList = 14B06E4C221F5CA10081E736 /* Build configuration list for PBXNativeTarget "QuizUITests" */;
			buildPhases = (
				14B06E39221F5CA10081E736 /* Sources */,
				14B06E3A221F5CA10081E736 /* Frameworks */,
				14B06E3B221F5CA10081E736 /* Resources */,
			);
			buildRules = (
			);
			dependencies = (
				14B06E3F221F5CA10081E736 /* PBXTargetDependency */,
			);
			name = QuizUITests;
			productName = QuizUITests;
			productReference = 14B06E3D221F5CA10081E736 /* QuizUITests.xctest */;
			productType = "com.apple.product-type.bundle.ui-testing";
		};
/* End PBXNativeTarget section */

/* Begin PBXProject section */
		14B06E16221F5CA00081E736 /* Project object */ = {
			isa = PBXProject;
			attributes = {
				LastSwiftUpdateCheck = 0920;
				LastUpgradeCheck = 0920;
				ORGANIZATIONNAME = "Lindsay Ross";
				TargetAttributes = {
					14B06E1D221F5CA00081E736 = {
						CreatedOnToolsVersion = 9.2;
						ProvisioningStyle = Automatic;
					};
					14B06E31221F5CA10081E736 = {
						CreatedOnToolsVersion = 9.2;
						ProvisioningStyle = Automatic;
						TestTargetID = 14B06E1D221F5CA00081E736;
					};
					14B06E3C221F5CA10081E736 = {
						CreatedOnToolsVersion = 9.2;
						ProvisioningStyle = Automatic;
						TestTargetID = 14B06E1D221F5CA00081E736;
					};
				};
			};
			buildConfigurationList = 14B06E19221F5CA00081E736 /* Build configuration list for PBXProject "Quiz" */;
			compatibilityVersion = "Xcode 8.0";
			developmentRegion = en;
			hasScannedForEncodings = 0;
			knownRegions = (
				en,
				Base,
			);
			mainGroup = 14B06E15221F5CA00081E736;
			productRefGroup = 14B06E1F221F5CA00081E736 /* Products */;
			projectDirPath = "";
			projectRoot = "";
			targets = (
				14B06E1D221F5CA00081E736 /* Quiz */,
				14B06E31221F5CA10081E736 /* QuizTests */,
				14B06E3C221F5CA10081E736 /* QuizUITests */,
			);
		};
/* End PBXProject section */

/* Begin PBXResourcesBuildPhase section */
		14B06E1C221F5CA00081E736 /* Resources */ = {
			isa = PBXResourcesBuildPhase;
			buildActionMask = 2147483647;
			files = (
				14B06E2C221F5CA10081E736 /* LaunchScreen.storyboard in Resources */,
				14B06E29221F5CA10081E736 /* Assets.xcassets in Resources */,
				14B06E27221F5CA10081E736 /* Main.storyboard in Resources */,
			);
			runOnlyForDeploymentPostprocessing = 0;
		};
		14B06E30221F5CA10081E736 /* Resources */ = {
			isa = PBXResourcesBuildPhase;
			buildActionMask = 2147483647;
			files = (
			);
			runOnlyForDeploymentPostprocessing = 0;
		};
		14B06E3B221F5CA10081E736 /* Resources */ = {
			isa = PBXResourcesBuildPhase;
			buildActionMask = 2147483647;
			files = (
			);
			runOnlyForDeploymentPostprocessing = 0;
		};
/* End PBXResourcesBuildPhase section */

/* Begin PBXSourcesBuildPhase section */
		14B06E1A221F5CA00081E736 /* Sources */ = {
			isa = PBXSourcesBuildPhase;
			buildActionMask = 2147483647;
			files = (
				14B06E24221F5CA10081E736 /* ViewController.swift in Sources */,
				14B06E22221F5CA00081E736 /* AppDelegate.swift in Sources */,
			);
			runOnlyForDeploymentPostprocessing = 0;
		};
		14B06E2E221F5CA10081E736 /* Sources */ = {
			isa = PBXSourcesBuildPhase;
			buildActionMask = 2147483647;
			files = (
				14B06E37221F5CA10081E736 /* QuizTests.swift in Sources */,
			);
			runOnlyForDeploymentPostprocessing = 0;
		};
		14B06E39221F5CA10081E736 /* Sources */ = {
			isa = PBXSourcesBuildPhase;
			buildActionMask = 2147483647;
			files = (
				14B06E42221F5CA10081E736 /* QuizUITests.swift in Sources */,
			);
			runOnlyForDeploymentPostprocessing = 0;
		};
/* End PBXSourcesBuildPhase section */

/* Begin PBXTargetDependency section */
		14B06E34221F5CA10081E736 /* PBXTargetDependency */ = {
			isa = PBXTargetDependency;
			target = 14B06E1D221F5CA00081E736 /* Quiz */;
			targetProxy = 14B06E33221F5CA10081E736 /* PBXContainerItemProxy */;
		};
		14B06E3F221F5CA10081E736 /* PBXTargetDependency */ = {
			isa = PBXTargetDependency;
			target = 14B06E1D221F5CA00081E736 /* Quiz */;
			targetProxy = 14B06E3E221F5CA10081E736 /* PBXContainerItemProxy */;
		};
/* End PBXTargetDependency section */

/* Begin PBXVariantGroup section */
		14B06E25221F5CA10081E736 /* Main.storyboard */ = {
			isa = PBXVariantGroup;
			children = (
				14B06E26221F5CA10081E736 /* Base */,
			);
			name = Main.storyboard;
			sourceTree = "<group>";
		};
		14B06E2A221F5CA10081E736 /* LaunchScreen.storyboard */ = {
			isa = PBXVariantGroup;
			children = (
				14B06E2B221F5CA10081E736 /* Base */,
			);
			name = LaunchScreen.storyboard;
			sourceTree = "<group>";
		};
/* End PBXVariantGroup section */

/* Begin XCBuildConfiguration section */
		14B06E44221F5CA10081E736 /* Debug */ = {
			isa = XCBuildConfiguration;
			buildSettings = {
				ALWAYS_SEARCH_USER_PATHS = NO;
				CLANG_ANALYZER_NONNULL = YES;
				CLANG_ANALYZER_NUMBER_OBJECT_CONVERSION = YES_AGGRESSIVE;
				CLANG_CXX_LANGUAGE_STANDARD = "gnu++14";
				CLANG_CXX_LIBRARY = "libc++";
				CLANG_ENABLE_MODULES = YES;
				CLANG_ENABLE_OBJC_ARC = YES;
				CLANG_WARN_BLOCK_CAPTURE_AUTORELEASING = YES;
				CLANG_WARN_BOOL_CONVERSION = YES;
				CLANG_WARN_COMMA = YES;
				CLANG_WARN_CONSTANT_CONVERSION = YES;
				CLANG_WARN_DIRECT_OBJC_ISA_USAGE = YES_ERROR;
				CLANG_WARN_DOCUMENTATION_COMMENTS = YES;
				CLANG_WARN_EMPTY_BODY = YES;
				CLANG_WARN_ENUM_CONVERSION = YES;
				CLANG_WARN_INFINITE_RECURSION = YES;
				CLANG_WARN_INT_CONVERSION = YES;
				CLANG_WARN_NON_LITERAL_NULL_CONVERSION = YES;
				CLANG_WARN_OBJC_LITERAL_CONVERSION = YES;
				CLANG_WARN_OBJC_ROOT_CLASS = YES_ERROR;
				CLANG_WARN_RANGE_LOOP_ANALYSIS = YES;
				CLANG_WARN_STRICT_PROTOTYPES = YES;
				CLANG_WARN_SUSPICIOUS_MOVE = YES;
				CLANG_WARN_UNGUARDED_AVAILABILITY = YES_AGGRESSIVE;
				CLANG_WARN_UNREACHABLE_CODE = YES;
				CLANG_WARN__DUPLICATE_METHOD_MATCH = YES;
				CODE_SIGN_IDENTITY = "iPhone Developer";
				COPY_PHASE_STRIP = NO;
				DEBUG_INFORMATION_FORMAT = dwarf;
				ENABLE_STRICT_OBJC_MSGSEND = YES;
				ENABLE_TESTABILITY = YES;
				GCC_C_LANGUAGE_STANDARD = gnu11;
				GCC_DYNAMIC_NO_PIC = NO;
				GCC_NO_COMMON_BLOCKS = YES;
				GCC_OPTIMIZATION_LEVEL = 0;
				GCC_PREPROCESSOR_DEFINITIONS = (
					"DEBUG=1",
					"$(inherited)",
				);
				GCC_WARN_64_TO_32_BIT_CONVERSION = YES;
				GCC_WARN_ABOUT_RETURN_TYPE = YES_ERROR;
				GCC_WARN_UNDECLARED_SELECTOR = YES;
				GCC_WARN_UNINITIALIZED_AUTOS = YES_AGGRESSIVE;
				GCC_WARN_UNUSED_FUNCTION = YES;
				GCC_WARN_UNUSED_VARIABLE = YES;
				IPHONEOS_DEPLOYMENT_TARGET = 11.2;
				MTL_ENABLE_DEBUG_INFO = YES;
				ONLY_ACTIVE_ARCH = YES;
				SDKROOT = iphoneos;
				SWIFT_ACTIVE_COMPILATION_CONDITIONS = DEBUG;
				SWIFT_OPTIMIZATION_LEVEL = "-Onone";
			};
			name = Debug;
		};
		14B06E45221F5CA10081E736 /* Release */ = {
			isa = XCBuildConfiguration;
			buildSettings = {
				ALWAYS_SEARCH_USER_PATHS = NO;
				CLANG_ANALYZER_NONNULL = YES;
				CLANG_ANALYZER_NUMBER_OBJECT_CONVERSION = YES_AGGRESSIVE;
				CLANG_CXX_LANGUAGE_STANDARD = "gnu++14";
				CLANG_CXX_LIBRARY = "libc++";
				CLANG_ENABLE_MODULES = YES;
				CLANG_ENABLE_OBJC_ARC = YES;
				CLANG_WARN_BLOCK_CAPTURE_AUTORELEASING = YES;
				CLANG_WARN_BOOL_CONVERSION = YES;
				CLANG_WARN_COMMA = YES;
				CLANG_WARN_CONSTANT_CONVERSION = YES;
				CLANG_WARN_DIRECT_OBJC_ISA_USAGE = YES_ERROR;
				CLANG_WARN_DOCUMENTATION_COMMENTS = YES;
				CLANG_WARN_EMPTY_BODY = YES;
				CLANG_WARN_ENUM_CONVERSION = YES;
				CLANG_WARN_INFINITE_RECURSION = YES;
				CLANG_WARN_INT_CONVERSION = YES;
				CLANG_WARN_NON_LITERAL_NULL_CONVERSION = YES;
				CLANG_WARN_OBJC_LITERAL_CONVERSION = YES;
				CLANG_WARN_OBJC_ROOT_CLASS = YES_ERROR;
				CLANG_WARN_RANGE_LOOP_ANALYSIS = YES;
				CLANG_WARN_STRICT_PROTOTYPES = YES;
				CLANG_WARN_SUSPICIOUS_MOVE = YES;
				CLANG_WARN_UNGUARDED_AVAILABILITY = YES_AGGRESSIVE;
				CLANG_WARN_UNREACHABLE_CODE = YES;
				CLANG_WARN__DUPLICATE_METHOD_MATCH = YES;
				CODE_SIGN_IDENTITY = "iPhone Developer";
				COPY_PHASE_STRIP = NO;
				DEBUG_INFORMATION_FORMAT = "dwarf-with-dsym";
				ENABLE_NS_ASSERTIONS = NO;
				ENABLE_STRICT_OBJC_MSGSEND = YES;
				GCC_C_LANGUAGE_STANDARD = gnu11;
				GCC_NO_COMMON_BLOCKS = YES;
				GCC_WARN_64_TO_32_BIT_CONVERSION = YES;
				GCC_WARN_ABOUT_RETURN_TYPE = YES_ERROR;
				GCC_WARN_UNDECLARED_SELECTOR = YES;
				GCC_WARN_UNINITIALIZED_AUTOS = YES_AGGRESSIVE;
				GCC_WARN_UNUSED_FUNCTION = YES;
				GCC_WARN_UNUSED_VARIABLE = YES;
				IPHONEOS_DEPLOYMENT_TARGET = 11.2;
				MTL_ENABLE_DEBUG_INFO = NO;
				SDKROOT = iphoneos;
				SWIFT_OPTIMIZATION_LEVEL = "-Owholemodule";
				VALIDATE_PRODUCT = YES;
			};
			name = Release;
		};
		14B06E47221F5CA10081E736 /* Debug */ = {
			isa = XCBuildConfiguration;
			buildSettings = {
				ASSETCATALOG_COMPILER_APPICON_NAME = AppIcon;
				"CODE_SIGN_IDENTITY[sdk=iphoneos*]" = "iPhone Developer";
				CODE_SIGN_STYLE = Automatic;
				DEVELOPMENT_TEAM = GZHQ6MUV9Z;
				INFOPLIST_FILE = Quiz/Info.plist;
				LD_RUNPATH_SEARCH_PATHS = "$(inherited) @executable_path/Frameworks";
				PRODUCT_BUNDLE_IDENTIFIER = com.lindsayross.Quiz;
				PRODUCT_NAME = "$(TARGET_NAME)";
				PROVISIONING_PROFILE_SPECIFIER = "";
				SWIFT_VERSION = 4.0;
				TARGETED_DEVICE_FAMILY = "1,2";
			};
			name = Debug;
		};
		14B06E48221F5CA10081E736 /* Release */ = {
			isa = XCBuildConfiguration;
			buildSettings = {
				ASSETCATALOG_COMPILER_APPICON_NAME = AppIcon;
				"CODE_SIGN_IDENTITY[sdk=iphoneos*]" = "iPhone Developer";
				CODE_SIGN_STYLE = Automatic;
				DEVELOPMENT_TEAM = GZHQ6MUV9Z;
				INFOPLIST_FILE = Quiz/Info.plist;
				LD_RUNPATH_SEARCH_PATHS = "$(inherited) @executable_path/Frameworks";
				PRODUCT_BUNDLE_IDENTIFIER = com.lindsayross.Quiz;
				PRODUCT_NAME = "$(TARGET_NAME)";
				PROVISIONING_PROFILE_SPECIFIER = "";
				SWIFT_VERSION = 4.0;
				TARGETED_DEVICE_FAMILY = "1,2";
			};
			name = Release;
		};
		14B06E4A221F5CA10081E736 /* Debug */ = {
			isa = XCBuildConfiguration;
			buildSettings = {
				ALWAYS_EMBED_SWIFT_STANDARD_LIBRARIES = YES;
				BUNDLE_LOADER = "$(TEST_HOST)";
				CODE_SIGN_STYLE = Automatic;
				INFOPLIST_FILE = QuizTests/Info.plist;
				LD_RUNPATH_SEARCH_PATHS = "$(inherited) @executable_path/Frameworks @loader_path/Frameworks";
				PRODUCT_BUNDLE_IDENTIFIER = com.lindsayross.QuizTests;
				PRODUCT_NAME = "$(TARGET_NAME)";
				SWIFT_VERSION = 4.0;
				TARGETED_DEVICE_FAMILY = "1,2";
				TEST_HOST = "$(BUILT_PRODUCTS_DIR)/Quiz.app/Quiz";
			};
			name = Debug;
		};
		14B06E4B221F5CA10081E736 /* Release */ = {
			isa = XCBuildConfiguration;
			buildSettings = {
				ALWAYS_EMBED_SWIFT_STANDARD_LIBRARIES = YES;
				BUNDLE_LOADER = "$(TEST_HOST)";
				CODE_SIGN_STYLE = Automatic;
				INFOPLIST_FILE = QuizTests/Info.plist;
				LD_RUNPATH_SEARCH_PATHS = "$(inherited) @executable_path/Frameworks @loader_path/Frameworks";
				PRODUCT_BUNDLE_IDENTIFIER = com.lindsayross.QuizTests;
				PRODUCT_NAME = "$(TARGET_NAME)";
				SWIFT_VERSION = 4.0;
				TARGETED_DEVICE_FAMILY = "1,2";
				TEST_HOST = "$(BUILT_PRODUCTS_DIR)/Quiz.app/Quiz";
			};
			name = Release;
		};
		14B06E4D221F5CA10081E736 /* Debug */ = {
			isa = XCBuildConfiguration;
			buildSettings = {
				ALWAYS_EMBED_SWIFT_STANDARD_LIBRARIES = YES;
				CODE_SIGN_STYLE = Automatic;
				INFOPLIST_FILE = QuizUITests/Info.plist;
				LD_RUNPATH_SEARCH_PATHS = "$(inherited) @executable_path/Frameworks @loader_path/Frameworks";
				PRODUCT_BUNDLE_IDENTIFIER = com.lindsayross.QuizUITests;
				PRODUCT_NAME = "$(TARGET_NAME)";
				SWIFT_VERSION = 4.0;
				TARGETED_DEVICE_FAMILY = "1,2";
				TEST_TARGET_NAME = Quiz;
			};
			name = Debug;
		};
		14B06E4E221F5CA10081E736 /* Release */ = {
			isa = XCBuildConfiguration;
			buildSettings = {
				ALWAYS_EMBED_SWIFT_STANDARD_LIBRARIES = YES;
				CODE_SIGN_STYLE = Automatic;
				INFOPLIST_FILE = QuizUITests/Info.plist;
				LD_RUNPATH_SEARCH_PATHS = "$(inherited) @executable_path/Frameworks @loader_path/Frameworks";
				PRODUCT_BUNDLE_IDENTIFIER = com.lindsayross.QuizUITests;
				PRODUCT_NAME = "$(TARGET_NAME)";
				SWIFT_VERSION = 4.0;
				TARGETED_DEVICE_FAMILY = "1,2";
				TEST_TARGET_NAME = Quiz;
			};
			name = Release;
		};
/* End XCBuildConfiguration section */

/* Begin XCConfigurationList section */
		14B06E19221F5CA00081E736 /* Build configuration list for PBXProject "Quiz" */ = {
			isa = XCConfigurationList;
			buildConfigurations = (
				14B06E44221F5CA10081E736 /* Debug */,
				14B06E45221F5CA10081E736 /* Release */,
			);
			defaultConfigurationIsVisible = 0;
			defaultConfigurationName = Release;
		};
		14B06E46221F5CA10081E736 /* Build configuration list for PBXNativeTarget "Quiz" */ = {
			isa = XCConfigurationList;
			buildConfigurations = (
				14B06E47221F5CA10081E736 /* Debug */,
				14B06E48221F5CA10081E736 /* Release */,
			);
			defaultConfigurationIsVisible = 0;
			defaultConfigurationName = Release;
		};
		14B06E49221F5CA10081E736 /* Build configuration list for PBXNativeTarget "QuizTests" */ = {
			isa = XCConfigurationList;
			buildConfigurations = (
				14B06E4A221F5CA10081E736 /* Debug */,
				14B06E4B221F5CA10081E736 /* Release */,
			);
			defaultConfigurationIsVisible = 0;
			defaultConfigurationName = Release;
		};
		14B06E4C221F5CA10081E736 /* Build configuration list for PBXNativeTarget "QuizUITests" */ = {
			isa = XCConfigurationList;
			buildConfigurations = (
				14B06E4D221F5CA10081E736 /* Debug */,
				14B06E4E221F5CA10081E736 /* Release */,
			);
			defaultConfigurationIsVisible = 0;
			defaultConfigurationName = Release;
		};
/* End XCConfigurationList section */
	};
	rootObject = 14B06E16221F5CA00081E736 /* Project object */;
}
